{
  "pins" : [
    {
      "identity" : "brainpac-nih-ios",
      "kind" : "remoteSourceControl",
      "location" : "https://github.com/BrainPark/brainpac-nih-ios",
      "state" : {
        "branch" : "main",
        "revision" : "73877a5cc1f25ed69e67b796ddbd2a817fa661fd"
      }
    },
    {
      "identity" : "brainpac-nih-unityframework",
      "kind" : "remoteSourceControl",
      "location" : "https://github.com/BrainPark/brainpac-nih-unityframework.git",
      "state" : {
        "branch" : "main",
        "revision" : "995e7e618e6438afa700bc8490d16b54f44ee26a"
      }
    }
  ],
  "version" : 2
}
